// !$*UTF8*$!
{
	archiveVersion = 1;
	classes = {
	};
	objectVersion = 50;
	objects = {

/* Begin PBXBuildFile section */
		BFDDA0E228119FEC00C3E84A /* AppDelegate.swift in Sources */ = {isa = PBXBuildFile; fileRef = BFDDA0E128119FEC00C3E84A /* AppDelegate.swift */; };
		BFDDA0E428119FEC00C3E84A /* ContentView.swift in Sources */ = {isa = PBXBuildFile; fileRef = BFDDA0E328119FEC00C3E84A /* ContentView.swift */; };
		BFDDA0E628119FEE00C3E84A /* Assets.xcassets in Resources */ = {isa = PBXBuildFile; fileRef = BFDDA0E528119FEE00C3E84A /* Assets.xcassets */; };
		BFDDA0E928119FEE00C3E84A /* Preview Assets.xcassets in Resources */ = {isa = PBXBuildFile; fileRef = BFDDA0E828119FEE00C3E84A /* Preview Assets.xcassets */; };
		BFDDA0EC28119FEE00C3E84A /* Main.storyboard in Resources */ = {isa = PBXBuildFile; fileRef = BFDDA0EA28119FEE00C3E84A /* Main.storyboard */; };
/* End PBXBuildFile section */

/* Begin PBXFileReference section */
		BFDDA0DE28119FEC00C3E84A /* four_Mac_Client.app */ = {isa = PBXFileReference; explicitFileType = wrapper.application; includeInIndex = 0; path = four_Mac_Client.app; sourceTree = BUILT_PRODUCTS_DIR; };
		BFDDA0E128119FEC00C3E84A /* AppDelegate.swift */ = {isa = PBXFileReference; lastKnownFileType = sourcecode.swift; path = AppDelegate.swift; sourceTree = "<group>"; };
		BFDDA0E328119FEC00C3E84A /* ContentView.swift */ = {isa = PBXFileReference; lastKnownFileType = sourcecode.swift; path = ContentView.swift; sourceTree = "<group>"; };
		BFDDA0E528119FEE00C3E84A /* Assets.xcassets */ = {isa = PBXFileReference; lastKnownFileType = folder.assetcatalog; path = Assets.xcassets; sourceTree = "<group>"; };
		BFDDA0E828119FEE00C3E84A /* Preview Assets.xcassets */ = {isa = PBXFileReference; lastKnownFileType = folder.assetcatalog; path = "Preview Assets.xcassets"; sourceTree = "<group>"; };
		BFDDA0EB28119FEE00C3E84A /* Base */ = {isa = PBXFileReference; lastKnownFileType = file.storyboard; name = Base; path = Base.lproj/Main.storyboard; sourceTree = "<group>"; };
		BFDDA0ED28119FEE00C3E84A /* Info.plist */ = {isa = PBXFileReference; lastKnownFileType = text.plist.xml; path = Info.plist; sourceTree = "<group>"; };
		BFDDA0EE28119FEE00C3E84A /* four_Mac_Client.entitlements */ = {isa = PBXFileReference; lastKnownFileType = text.plist.entitlements; path = four_Mac_Client.entitlements; sourceTree = "<group>"; };
/* End PBXFileReference section */

/* Begin PBXFrameworksBuildPhase section */
		BFDDA0DB28119FEC00C3E84A /* Frameworks */ = {
			isa = PBXFrameworksBuildPhase;
			buildActionMask = 2147483647;
			files = (
			);
			runOnlyForDeploymentPostprocessing = 0;
		};
/* End PBXFrameworksBuildPhase section */

/* Begin PBXGroup section */
		BFDDA0D528119FEC00C3E84A = {
			isa = PBXGroup;
			children = (
				BFDDA0E028119FEC00C3E84A /* four_Mac_Client */,
				BFDDA0DF28119FEC00C3E84A /* Products */,
			);
			sourceTree = "<group>";
		};
		BFDDA0DF28119FEC00C3E84A /* Products */ = {
			isa = PBXGroup;
			children = (
				BFDDA0DE28119FEC00C3E84A /* four_Mac_Client.app */,
			);
			name = Products;
			sourceTree = "<group>";
		};
		BFDDA0E028119FEC00C3E84A /* four_Mac_Client */ = {
			isa = PBXGroup;
			children = (
				BFDDA0E128119FEC00C3E84A /* AppDelegate.swift */,
				BFDDA0E328119FEC00C3E84A /* ContentView.swift */,
				BFDDA0E528119FEE00C3E84A /* Assets.xcassets */,
				BFDDA0EA28119FEE00C3E84A /* Main.storyboard */,
				BFDDA0ED28119FEE00C3E84A /* Info.plist */,
				BFDDA0EE28119FEE00C3E84A /* four_Mac_Client.entitlements */,
				BFDDA0E728119FEE00C3E84A /* Preview Content */,
			);
			path = four_Mac_Client;
			sourceTree = "<group>";
		};
		BFDDA0E728119FEE00C3E84A /* Preview Content */ = {
			isa = PBXGroup;
			children = (
				BFDDA0E828119FEE00C3E84A /* Preview Assets.xcassets */,
			);
			path = "Preview Content";
			sourceTree = "<group>";
		};
/* End PBXGroup section */

/* Begin PBXNativeTarget section */
		BFDDA0DD28119FEC00C3E84A /* four_Mac_Client */ = {
			isa = PBXNativeTarget;
			buildConfigurationList = BFDDA0F128119FEE00C3E84A /* Build configuration list for PBXNativeTarget "four_Mac_Client" */;
			buildPhases = (
				BFDDA0DA28119FEC00C3E84A /* Sources */,
				BFDDA0DB28119FEC00C3E84A /* Frameworks */,
				BFDDA0DC28119FEC00C3E84A /* Resources */,
			);
			buildRules = (
			);
			dependencies = (
			);
			name = four_Mac_Client;
			productName = four_Mac_Client;
			productReference = BFDDA0DE28119FEC00C3E84A /* four_Mac_Client.app */;
			productType = "com.apple.product-type.application";
		};
/* End PBXNativeTarget section */

/* Begin PBXProject section */
		BFDDA0D628119FEC00C3E84A /* Project object */ = {
			isa = PBXProject;
			attributes = {
				LastSwiftUpdateCheck = 1230;
				LastUpgradeCheck = 1230;
				TargetAttributes = {
					BFDDA0DD28119FEC00C3E84A = {
						CreatedOnToolsVersion = 12.3;
					};
				};
			};
			buildConfigurationList = BFDDA0D928119FEC00C3E84A /* Build configuration list for PBXProject "four_Mac_Client" */;
			compatibilityVersion = "Xcode 9.3";
			developmentRegion = en;
			hasScannedForEncodings = 0;
			knownRegions = (
				en,
				Base,
			);
			mainGroup = BFDDA0D528119FEC00C3E84A;
			productRefGroup = BFDDA0DF28119FEC00C3E84A /* Products */;
			projectDirPath = "";
			projectRoot = "";
			targets = (
				BFDDA0DD28119FEC00C3E84A /* four_Mac_Client */,
			);
		};
/* End PBXProject section */

/* Begin PBXResourcesBuildPhase section */
		BFDDA0DC28119FEC00C3E84A /* Resources */ = {
			isa = PBXResourcesBuildPhase;
			buildActionMask = 2147483647;
			files = (
				BFDDA0EC28119FEE00C3E84A /* Main.storyboard in Resources */,
				BFDDA0E928119FEE00C3E84A /* Preview Assets.xcassets in Resources */,
				BFDDA0E628119FEE00C3E84A /* Assets.xcassets in Resources */,
			);
			runOnlyForDeploymentPostprocessing = 0;
		};
/* End PBXResourcesBuildPhase section */

/* Begin PBXSourcesBuildPhase section */
		BFDDA0DA28119FEC00C3E84A /* Sources */ = {
			isa = PBXSourcesBuildPhase;
			buildActionMask = 2147483647;
			files = (
				BFDDA0E428119FEC00C3E84A /* ContentView.swift in Sources */,
				BFDDA0E228119FEC00C3E84A /* AppDelegate.swift in Sources */,
			);
			runOnlyForDeploymentPostprocessing = 0;
		};
/* End PBXSourcesBuildPhase section */

/* Begin PBXVariantGroup section */
		BFDDA0EA28119FEE00C3E84A /* Main.storyboard */ = {
			isa = PBXVariantGroup;
			children = (
				BFDDA0EB28119FEE00C3E84A /* Base */,
			);
			name = Main.storyboard;
			sourceTree = "<group>";
		};
/* End PBXVariantGroup section */

/* Begin XCBuildConfiguration section */
		BFDDA0EF28119FEE00C3E84A /* Debug */ = {
			isa = XCBuildConfiguration;
			buildSettings = {
				ALWAYS_SEARCH_USER_PATHS = NO;
				CLANG_ANALYZER_NONNULL = YES;
				CLANG_ANALYZER_NUMBER_OBJECT_CONVERSION = YES_AGGRESSIVE;
				CLANG_CXX_LANGUAGE_STANDARD = "gnu++14";
				CLANG_CXX_LIBRARY = "libc++";
				CLANG_ENABLE_MODULES = YES;
				CLANG_ENABLE_OBJC_ARC = YES;
				CLANG_ENABLE_OBJC_WEAK = YES;
				CLANG_WARN_BLOCK_CAPTURE_AUTORELEASING = YES;
				CLANG_WARN_BOOL_CONVERSION = YES;
				CLANG_WARN_COMMA = YES;
				CLANG_WARN_CONSTANT_CONVERSION = YES;
				CLANG_WARN_DEPRECATED_OBJC_IMPLEMENTATIONS = YES;
				CLANG_WARN_DIRECT_OBJC_ISA_USAGE = YES_ERROR;
				CLANG_WARN_DOCUMENTATION_COMMENTS = YES;
				CLANG_WARN_EMPTY_BODY = YES;
				CLANG_WARN_ENUM_CONVERSION = YES;
				CLANG_WARN_INFINITE_RECURSION = YES;
				CLANG_WARN_INT_CONVERSION = YES;
				CLANG_WARN_NON_LITERAL_NULL_CONVERSION = YES;
				CLANG_WARN_OBJC_IMPLICIT_RETAIN_SELF = YES;
				CLANG_WARN_OBJC_LITERAL_CONVERSION = YES;
				CLANG_WARN_OBJC_ROOT_CLASS = YES_ERROR;
				CLANG_WARN_QUOTED_INCLUDE_IN_FRAMEWORK_HEADER = YES;
				CLANG_WARN_RANGE_LOOP_ANALYSIS = YES;
				CLANG_WARN_STRICT_PROTOTYPES = YES;
				CLANG_WARN_SUSPICIOUS_MOVE = YES;
				CLANG_WARN_UNGUARDED_AVAILABILITY = YES_AGGRESSIVE;
				CLANG_WARN_UNREACHABLE_CODE = YES;
				CLANG_WARN__DUPLICATE_METHOD_MATCH = YES;
				COPY_PHASE_STRIP = NO;
				DEBUG_INFORMATION_FORMAT = dwarf;
				ENABLE_STRICT_OBJC_MSGSEND = YES;
				ENABLE_TESTABILITY = YES;
				GCC_C_LANGUAGE_STANDARD = gnu11;
				GCC_DYNAMIC_NO_PIC = NO;
				GCC_NO_COMMON_BLOCKS = YES;
				GCC_OPTIMIZATION_LEVEL = 0;
				GCC_PREPROCESSOR_DEFINITIONS = (
					"DEBUG=1",
					"$(inherited)",
				);
				GCC_WARN_64_TO_32_BIT_CONVERSION = YES;
				GCC_WARN_ABOUT_RETURN_TYPE = YES_ERROR;
				GCC_WARN_UNDECLARED_SELECTOR = YES;
				GCC_WARN_UNINITIALIZED_AUTOS = YES_AGGRESSIVE;
				GCC_WARN_UNUSED_FUNCTION = YES;
				GCC_WARN_UNUSED_VARIABLE = YES;
				MACOSX_DEPLOYMENT_TARGET = 10.15;
				MTL_ENABLE_DEBUG_INFO = INCLUDE_SOURCE;
				MTL_FAST_MATH = YES;
				ONLY_ACTIVE_ARCH = YES;
				SDKROOT = macosx;
				SWIFT_ACTIVE_COMPILATION_CONDITIONS = DEBUG;
				SWIFT_OPTIMIZATION_LEVEL = "-Onone";
			};
			name = Debug;
		};
		BFDDA0F028119FEE00C3E84A /* Release */ = {
			isa = XCBuildConfiguration;
			buildSettings = {
				ALWAYS_SEARCH_USER_PATHS = NO;
				CLANG_ANALYZER_NONNULL = YES;
				CLANG_ANALYZER_NUMBER_OBJECT_CONVERSION = YES_AGGRESSIVE;
				CLANG_CXX_LANGUAGE_STANDARD = "gnu++14";
				CLANG_CXX_LIBRARY = "libc++";
				CLANG_ENABLE_MODULES = YES;
				CLANG_ENABLE_OBJC_ARC = YES;
				CLANG_ENABLE_OBJC_WEAK = YES;
				CLANG_WARN_BLOCK_CAPTURE_AUTORELEASING = YES;
				CLANG_WARN_BOOL_CONVERSION = YES;
				CLANG_WARN_COMMA = YES;
				CLANG_WARN_CONSTANT_CONVERSION = YES;
				CLANG_WARN_DEPRECATED_OBJC_IMPLEMENTATIONS = YES;
				CLANG_WARN_DIRECT_OBJC_ISA_USAGE = YES_ERROR;
				CLANG_WARN_DOCUMENTATION_COMMENTS = YES;
				CLANG_WARN_EMPTY_BODY = YES;
				CLANG_WARN_ENUM_CONVERSION = YES;
				CLANG_WARN_INFINITE_RECURSION = YES;
				CLANG_WARN_INT_CONVERSION = YES;
				CLANG_WARN_NON_LITERAL_NULL_CONVERSION = YES;
				CLANG_WARN_OBJC_IMPLICIT_RETAIN_SELF = YES;
				CLANG_WARN_OBJC_LITERAL_CONVERSION = YES;
				CLANG_WARN_OBJC_ROOT_CLASS = YES_ERROR;
				CLANG_WARN_QUOTED_INCLUDE_IN_FRAMEWORK_HEADER = YES;
				CLANG_WARN_RANGE_LOOP_ANALYSIS = YES;
				CLANG_WARN_STRICT_PROTOTYPES = YES;
				CLANG_WARN_SUSPICIOUS_MOVE = YES;
				CLANG_WARN_UNGUARDED_AVAILABILITY = YES_AGGRESSIVE;
				CLANG_WARN_UNREACHABLE_CODE = YES;
				CLANG_WARN__DUPLICATE_METHOD_MATCH = YES;
				COPY_PHASE_STRIP = NO;
				DEBUG_INFORMATION_FORMAT = "dwarf-with-dsym";
				ENABLE_NS_ASSERTIONS = NO;
				ENABLE_STRICT_OBJC_MSGSEND = YES;
				GCC_C_LANGUAGE_STANDARD = gnu11;
				GCC_NO_COMMON_BLOCKS = YES;
				GCC_WARN_64_TO_32_BIT_CONVERSION = YES;
				GCC_WARN_ABOUT_RETURN_TYPE = YES_ERROR;
				GCC_WARN_UNDECLARED_SELECTOR = YES;
				GCC_WARN_UNINITIALIZED_AUTOS = YES_AGGRESSIVE;
				GCC_WARN_UNUSED_FUNCTION = YES;
				GCC_WARN_UNUSED_VARIABLE = YES;
				MACOSX_DEPLOYMENT_TARGET = 10.15;
				MTL_ENABLE_DEBUG_INFO = NO;
				MTL_FAST_MATH = YES;
				SDKROOT = macosx;
				SWIFT_COMPILATION_MODE = wholemodule;
				SWIFT_OPTIMIZATION_LEVEL = "-O";
			};
			name = Release;
		};
		BFDDA0F228119FEE00C3E84A /* Debug */ = {
			isa = XCBuildConfiguration;
			buildSettings = {
				ASSETCATALOG_COMPILER_APPICON_NAME = AppIcon;
				ASSETCATALOG_COMPILER_GLOBAL_ACCENT_COLOR_NAME = AccentColor;
				CODE_SIGN_ENTITLEMENTS = four_Mac_Client/four_Mac_Client.entitlements;
				CODE_SIGN_STYLE = Automatic;
				COMBINE_HIDPI_IMAGES = YES;
				DEVELOPMENT_ASSET_PATHS = "\"four_Mac_Client/Preview Content\"";
				ENABLE_PREVIEWS = YES;
				INFOPLIST_FILE = four_Mac_Client/Info.plist;
				LD_RUNPATH_SEARCH_PATHS = (
					"$(inherited)",
					"@executable_path/../Frameworks",
				);
				MACOSX_DEPLOYMENT_TARGET = 10.15;
				PRODUCT_BUNDLE_IDENTIFIER = "de.mhahnFr.four-Mac-Client";
				PRODUCT_NAME = "$(TARGET_NAME)";
				SWIFT_VERSION = 5.0;
			};
			name = Debug;
		};
		BFDDA0F328119FEE00C3E84A /* Release */ = {
			isa = XCBuildConfiguration;
			buildSettings = {
				ASSETCATALOG_COMPILER_APPICON_NAME = AppIcon;
				ASSETCATALOG_COMPILER_GLOBAL_ACCENT_COLOR_NAME = AccentColor;
				CODE_SIGN_ENTITLEMENTS = four_Mac_Client/four_Mac_Client.entitlements;
				CODE_SIGN_STYLE = Automatic;
				COMBINE_HIDPI_IMAGES = YES;
				DEVELOPMENT_ASSET_PATHS = "\"four_Mac_Client/Preview Content\"";
				ENABLE_PREVIEWS = YES;
				INFOPLIST_FILE = four_Mac_Client/Info.plist;
				LD_RUNPATH_SEARCH_PATHS = (
					"$(inherited)",
					"@executable_path/../Frameworks",
				);
				MACOSX_DEPLOYMENT_TARGET = 10.15;
				PRODUCT_BUNDLE_IDENTIFIER = "de.mhahnFr.four-Mac-Client";
				PRODUCT_NAME = "$(TARGET_NAME)";
				SWIFT_VERSION = 5.0;
			};
			name = Release;
		};
/* End XCBuildConfiguration section */

/* Begin XCConfigurationList section */
		BFDDA0D928119FEC00C3E84A /* Build configuration list for PBXProject "four_Mac_Client" */ = {
			isa = XCConfigurationList;
			buildConfigurations = (
				BFDDA0EF28119FEE00C3E84A /* Debug */,
				BFDDA0F028119FEE00C3E84A /* Release */,
			);
			defaultConfigurationIsVisible = 0;
			defaultConfigurationName = Release;
		};
		BFDDA0F128119FEE00C3E84A /* Build configuration list for PBXNativeTarget "four_Mac_Client" */ = {
			isa = XCConfigurationList;
			buildConfigurations = (
				BFDDA0F228119FEE00C3E84A /* Debug */,
				BFDDA0F328119FEE00C3E84A /* Release */,
			);
			defaultConfigurationIsVisible = 0;
			defaultConfigurationName = Release;
		};
/* End XCConfigurationList section */
	};
	rootObject = BFDDA0D628119FEC00C3E84A /* Project object */;
}
