// !$*UTF8*$!
{
	archiveVersion = 1;
	classes = {
	};
	objectVersion = 50;
	objects = {

/* Begin PBXBuildFile section */
		BF1129802854EBDC00EACD21 /* Settings.swift in Sources */ = {isa = PBXBuildFile; fileRef = BF11297F2854EBDC00EACD21 /* Settings.swift */; };
		BF2285F6294CC0680079EC8D /* TelnetPlugin.swift in Sources */ = {isa = PBXBuildFile; fileRef = BF2285F5294CC0680079EC8D /* TelnetPlugin.swift */; };
		BF2DAAD32965DC7B0063F91C /* Token.swift in Sources */ = {isa = PBXBuildFile; fileRef = BF2DAAD22965DC7B0063F91C /* Token.swift */; };
		BF2DAAD52965DC870063F91C /* TokenType.swift in Sources */ = {isa = PBXBuildFile; fileRef = BF2DAAD42965DC870063F91C /* TokenType.swift */; };
		BF2DAAD72965DC910063F91C /* Tokenizer.swift in Sources */ = {isa = PBXBuildFile; fileRef = BF2DAAD62965DC910063F91C /* Tokenizer.swift */; };
		BF2DAAD92965DE170063F91C /* StringStream.swift in Sources */ = {isa = PBXBuildFile; fileRef = BF2DAAD82965DE170063F91C /* StringStream.swift */; };
		BF3572642964A206002661B5 /* ANSIPlugin.swift in Sources */ = {isa = PBXBuildFile; fileRef = BF3572632964A206002661B5 /* ANSIPlugin.swift */; };
		BF54F64D290D6F410093037F /* AboutView.swift in Sources */ = {isa = PBXBuildFile; fileRef = BF54F64C290D6F410093037F /* AboutView.swift */; };
		BF551CB729AE7F3D004D1CFE /* ASTCharacter.swift in Sources */ = {isa = PBXBuildFile; fileRef = BF551CB629AE7F3D004D1CFE /* ASTCharacter.swift */; };
		BF551CB929AE8029004D1CFE /* ASTClass.swift in Sources */ = {isa = PBXBuildFile; fileRef = BF551CB829AE8029004D1CFE /* ASTClass.swift */; };
		BF577EAD291BDF1900E7A897 /* Constants.swift in Sources */ = {isa = PBXBuildFile; fileRef = BF577EAC291BDF1900E7A897 /* Constants.swift */; };
		BF6AF3542965C95F00DF333D /* EditorView.swift in Sources */ = {isa = PBXBuildFile; fileRef = BF6AF3532965C95F00DF333D /* EditorView.swift */; };
		BF6AF3562965CD6900DF333D /* EditorDelegate.swift in Sources */ = {isa = PBXBuildFile; fileRef = BF6AF3552965CD6900DF333D /* EditorDelegate.swift */; };
		BF832EC62927FBA000581CDA /* Int2Data.swift in Sources */ = {isa = PBXBuildFile; fileRef = BF832EC52927FBA000581CDA /* Int2Data.swift */; };
		BF8BDAD329D4B04400763C81 /* ASTFunctionCall.swift in Sources */ = {isa = PBXBuildFile; fileRef = BF8BDAD229D4B04400763C81 /* ASTFunctionCall.swift */; };
		BF8BDAD529D4B26F00763C81 /* ASTInteger.swift in Sources */ = {isa = PBXBuildFile; fileRef = BF8BDAD429D4B26F00763C81 /* ASTInteger.swift */; };
		BF916177294E2C8600C8B967 /* Protocols.swift in Sources */ = {isa = PBXBuildFile; fileRef = BF916176294E2C8600C8B967 /* Protocols.swift */; };
		BF916179294E306700C8B967 /* ProtocolPlugin.swift in Sources */ = {isa = PBXBuildFile; fileRef = BF916178294E306700C8B967 /* ProtocolPlugin.swift */; };
		BF91617B294E32EF00C8B967 /* ConnectionSender.swift in Sources */ = {isa = PBXBuildFile; fileRef = BF91617A294E32EF00C8B967 /* ConnectionSender.swift */; };
		BF91617D294E400E00C8B967 /* SPPPlugin.swift in Sources */ = {isa = PBXBuildFile; fileRef = BF91617C294E400E00C8B967 /* SPPPlugin.swift */; };
		BF92224B29E5D6EC001085B9 /* ASTModifier.swift in Sources */ = {isa = PBXBuildFile; fileRef = BF92224A29E5D6EC001085B9 /* ASTModifier.swift */; };
		BF94661529294DB00005B2EA /* NSTextViewBridge.swift in Sources */ = {isa = PBXBuildFile; fileRef = BF94661429294DB00005B2EA /* NSTextViewBridge.swift */; };
		BF9B7B962932810F00AACF0F /* SPStyle.swift in Sources */ = {isa = PBXBuildFile; fileRef = BF9B7B952932810F00AACF0F /* SPStyle.swift */; };
		BFA5CF32290D7DC500010BD6 /* ConnectionDelegate.swift in Sources */ = {isa = PBXBuildFile; fileRef = BFA5CF31290D7DC500010BD6 /* ConnectionDelegate.swift */; };
		BFA5CF34290D7E4300010BD6 /* Connection.swift in Sources */ = {isa = PBXBuildFile; fileRef = BFA5CF33290D7E4300010BD6 /* Connection.swift */; };
		BFA5CF38290D7EDF00010BD6 /* ConnectionView.swift in Sources */ = {isa = PBXBuildFile; fileRef = BFA5CF37290D7EDF00010BD6 /* ConnectionView.swift */; };
		BFA5CF3A290D866400010BD6 /* ConnectionPromptView.swift in Sources */ = {isa = PBXBuildFile; fileRef = BFA5CF39290D866400010BD6 /* ConnectionPromptView.swift */; };
		BFAB9038292E99A400854C71 /* TextViewBridgeDelegate.swift in Sources */ = {isa = PBXBuildFile; fileRef = BFAB9037292E99A400854C71 /* TextViewBridgeDelegate.swift */; };
		BFB6CE2329D48B8F004A49F2 /* ASTFor.swift in Sources */ = {isa = PBXBuildFile; fileRef = BFB6CE2229D48B8F004A49F2 /* ASTFor.swift */; };
		BFB6CE2729D48ED6004A49F2 /* ASTForEach.swift in Sources */ = {isa = PBXBuildFile; fileRef = BFB6CE2629D48ED6004A49F2 /* ASTForEach.swift */; };
		BFB6CE2929D490E6004A49F2 /* ASTThis.swift in Sources */ = {isa = PBXBuildFile; fileRef = BFB6CE2829D490E6004A49F2 /* ASTThis.swift */; };
		BFB6CE2B29D49177004A49F2 /* ASTNil.swift in Sources */ = {isa = PBXBuildFile; fileRef = BFB6CE2A29D49177004A49F2 /* ASTNil.swift */; };
		BFC2AE89296D6AF600592450 /* SPTheme.swift in Sources */ = {isa = PBXBuildFile; fileRef = BFC2AE88296D6AF600592450 /* SPTheme.swift */; };
		BFC2AE8B296D6B0200592450 /* DefaultTheme.swift in Sources */ = {isa = PBXBuildFile; fileRef = BFC2AE8A296D6B0200592450 /* DefaultTheme.swift */; };
		BFC6891629BD0F32001E51C1 /* ASTCombination.swift in Sources */ = {isa = PBXBuildFile; fileRef = BFC6891529BD0F32001E51C1 /* ASTCombination.swift */; };
		BFC6891829BD10E5001E51C1 /* ASTContinue.swift in Sources */ = {isa = PBXBuildFile; fileRef = BFC6891729BD10E5001E51C1 /* ASTContinue.swift */; };
		BFC6891A29BD1177001E51C1 /* ASTDefault.swift in Sources */ = {isa = PBXBuildFile; fileRef = BFC6891929BD1177001E51C1 /* ASTDefault.swift */; };
		BFC6891C29BD11E5001E51C1 /* ASTEllipsis.swift in Sources */ = {isa = PBXBuildFile; fileRef = BFC6891B29BD11E5001E51C1 /* ASTEllipsis.swift */; };
		BFC6891E29BD1258001E51C1 /* ASTEmpty.swift in Sources */ = {isa = PBXBuildFile; fileRef = BFC6891D29BD1258001E51C1 /* ASTEmpty.swift */; };
		BFCF15A22916C34C00A37F5D /* ConnectionPromptDelegate.swift in Sources */ = {isa = PBXBuildFile; fileRef = BFCF15A12916C34C00A37F5D /* ConnectionPromptDelegate.swift */; };
		BFD9049D29252289006B728B /* ConnectionError.swift in Sources */ = {isa = PBXBuildFile; fileRef = BFD9049C29252289006B728B /* ConnectionError.swift */; };
		BFD9B0CC2923CFF500E59D00 /* ConnectionRecord.swift in Sources */ = {isa = PBXBuildFile; fileRef = BFD9B0CB2923CFF500E59D00 /* ConnectionRecord.swift */; };
		BFD9B0CF2923DE7500E59D00 /* ConnectionListener.swift in Sources */ = {isa = PBXBuildFile; fileRef = BFD9B0CE2923DE7500E59D00 /* ConnectionListener.swift */; };
		BFD9B0D32923F58900E59D00 /* DialogDelegate.swift in Sources */ = {isa = PBXBuildFile; fileRef = BFD9B0D22923F58900E59D00 /* DialogDelegate.swift */; };
		BFD9B0D52923F59700E59D00 /* DialogView.swift in Sources */ = {isa = PBXBuildFile; fileRef = BFD9B0D42923F59700E59D00 /* DialogView.swift */; };
		BFD9B0D72923FBE800E59D00 /* Dialog.swift in Sources */ = {isa = PBXBuildFile; fileRef = BFD9B0D62923FBE800E59D00 /* Dialog.swift */; };
		BFDC6CC929D8C02600884DF0 /* ASTFunctionDefinition.swift in Sources */ = {isa = PBXBuildFile; fileRef = BFDC6CC829D8C02600884DF0 /* ASTFunctionDefinition.swift */; };
		BFDCA77729AD1C5D005B8AA9 /* ASTArray.swift in Sources */ = {isa = PBXBuildFile; fileRef = BFDCA77629AD1C5D005B8AA9 /* ASTArray.swift */; };
		BFDCA77929AD226F005B8AA9 /* ASTBlock.swift in Sources */ = {isa = PBXBuildFile; fileRef = BFDCA77829AD226F005B8AA9 /* ASTBlock.swift */; };
		BFDCA77B29AD2569005B8AA9 /* ASTBool.swift in Sources */ = {isa = PBXBuildFile; fileRef = BFDCA77A29AD2569005B8AA9 /* ASTBool.swift */; };
		BFDCA77D29AD2634005B8AA9 /* ASTBreak.swift in Sources */ = {isa = PBXBuildFile; fileRef = BFDCA77C29AD2634005B8AA9 /* ASTBreak.swift */; };
		BFDCA77F29AD26C9005B8AA9 /* ASTCase.swift in Sources */ = {isa = PBXBuildFile; fileRef = BFDCA77E29AD26C9005B8AA9 /* ASTCase.swift */; };
		BFDCA78129AD2A4A005B8AA9 /* ASTCast.swift in Sources */ = {isa = PBXBuildFile; fileRef = BFDCA78029AD2A4A005B8AA9 /* ASTCast.swift */; };
		BFDDA0E228119FEC00C3E84A /* AppDelegate.swift in Sources */ = {isa = PBXBuildFile; fileRef = BFDDA0E128119FEC00C3E84A /* AppDelegate.swift */; };
		BFDDA0E628119FEE00C3E84A /* Assets.xcassets in Resources */ = {isa = PBXBuildFile; fileRef = BFDDA0E528119FEE00C3E84A /* Assets.xcassets */; };
		BFDDA0E928119FEE00C3E84A /* Preview Assets.xcassets in Resources */ = {isa = PBXBuildFile; fileRef = BFDDA0E828119FEE00C3E84A /* Preview Assets.xcassets */; };
		BFDDA0EC28119FEE00C3E84A /* Main.storyboard in Resources */ = {isa = PBXBuildFile; fileRef = BFDDA0EA28119FEE00C3E84A /* Main.storyboard */; };
		BFE06F24296DA5B9004A3C1F /* JSONTheme.swift in Sources */ = {isa = PBXBuildFile; fileRef = BFE06F23296DA5B9004A3C1F /* JSONTheme.swift */; };
		BFE06F26296DAA24004A3C1F /* JSONStyle.swift in Sources */ = {isa = PBXBuildFile; fileRef = BFE06F25296DAA24004A3C1F /* JSONStyle.swift */; };
		BFE06F28296DAC88004A3C1F /* JSONColor.swift in Sources */ = {isa = PBXBuildFile; fileRef = BFE06F27296DAC88004A3C1F /* JSONColor.swift */; };
		BFE2926429DB2B8A00185467 /* ASTVariableDefinition.swift in Sources */ = {isa = PBXBuildFile; fileRef = BFE2926329DB2B8A00185467 /* ASTVariableDefinition.swift */; };
		BFE2926629DB31AA00185467 /* ASTOperation.swift in Sources */ = {isa = PBXBuildFile; fileRef = BFE2926529DB31AA00185467 /* ASTOperation.swift */; };
		BFE2926829DB3B4C00185467 /* ASTName.swift in Sources */ = {isa = PBXBuildFile; fileRef = BFE2926729DB3B4C00185467 /* ASTName.swift */; };
		BFE2926A29DB3CF800185467 /* ASTOperatorName.swift in Sources */ = {isa = PBXBuildFile; fileRef = BFE2926929DB3CF800185467 /* ASTOperatorName.swift */; };
		BFE2926C29DB434D00185467 /* ASTString.swift in Sources */ = {isa = PBXBuildFile; fileRef = BFE2926B29DB434D00185467 /* ASTString.swift */; };
		BFE2926E29DB442500185467 /* ASTStrings.swift in Sources */ = {isa = PBXBuildFile; fileRef = BFE2926D29DB442500185467 /* ASTStrings.swift */; };
		BFE2DB7E29A7E466003E2BFF /* ASTVisitor.swift in Sources */ = {isa = PBXBuildFile; fileRef = BFE2DB7D29A7E466003E2BFF /* ASTVisitor.swift */; };
		BFE2DB8029A7EE5C003E2BFF /* ASTWrong.swift in Sources */ = {isa = PBXBuildFile; fileRef = BFE2DB7F29A7EE5C003E2BFF /* ASTWrong.swift */; };
		BFE2DB8229A7EE69003E2BFF /* ASTMissing.swift in Sources */ = {isa = PBXBuildFile; fileRef = BFE2DB8129A7EE69003E2BFF /* ASTMissing.swift */; };
		BFEA07B729043DB500294822 /* SettingsView.swift in Sources */ = {isa = PBXBuildFile; fileRef = BFEA07B629043DB500294822 /* SettingsView.swift */; };
		BFEA07B929043DCC00294822 /* SettingsDelegate.swift in Sources */ = {isa = PBXBuildFile; fileRef = BFEA07B829043DCC00294822 /* SettingsDelegate.swift */; };
		BFEA71BA29A654DE004832AF /* Parser.swift in Sources */ = {isa = PBXBuildFile; fileRef = BFEA71B929A654DE004832AF /* Parser.swift */; };
		BFEC182C28BD00DB00894639 /* LICENSE in Resources */ = {isa = PBXBuildFile; fileRef = BFEC182A28BD00DB00894639 /* LICENSE */; };
		BFEC182D28BD00DB00894639 /* README.md in Resources */ = {isa = PBXBuildFile; fileRef = BFEC182B28BD00DB00894639 /* README.md */; };
		BFFD268829A69663002998E8 /* ASTExpression.swift in Sources */ = {isa = PBXBuildFile; fileRef = BFFD268729A69663002998E8 /* ASTExpression.swift */; };
		BFFD268A29A69759002998E8 /* ASTType.swift in Sources */ = {isa = PBXBuildFile; fileRef = BFFD268929A69759002998E8 /* ASTType.swift */; };
		BFFD268C29A69C18002998E8 /* ASTInclude.swift in Sources */ = {isa = PBXBuildFile; fileRef = BFFD268B29A69C18002998E8 /* ASTInclude.swift */; };
		BFFD268E29A69C29002998E8 /* ASTInheritance.swift in Sources */ = {isa = PBXBuildFile; fileRef = BFFD268D29A69C29002998E8 /* ASTInheritance.swift */; };
/* End PBXBuildFile section */

/* Begin PBXFileReference section */
		BF11297F2854EBDC00EACD21 /* Settings.swift */ = {isa = PBXFileReference; lastKnownFileType = sourcecode.swift; path = Settings.swift; sourceTree = "<group>"; };
		BF2285F5294CC0680079EC8D /* TelnetPlugin.swift */ = {isa = PBXFileReference; lastKnownFileType = sourcecode.swift; path = TelnetPlugin.swift; sourceTree = "<group>"; };
		BF2DAAD22965DC7B0063F91C /* Token.swift */ = {isa = PBXFileReference; lastKnownFileType = sourcecode.swift; path = Token.swift; sourceTree = "<group>"; };
		BF2DAAD42965DC870063F91C /* TokenType.swift */ = {isa = PBXFileReference; lastKnownFileType = sourcecode.swift; path = TokenType.swift; sourceTree = "<group>"; };
		BF2DAAD62965DC910063F91C /* Tokenizer.swift */ = {isa = PBXFileReference; lastKnownFileType = sourcecode.swift; path = Tokenizer.swift; sourceTree = "<group>"; };
		BF2DAAD82965DE170063F91C /* StringStream.swift */ = {isa = PBXFileReference; lastKnownFileType = sourcecode.swift; path = StringStream.swift; sourceTree = "<group>"; };
		BF3572632964A206002661B5 /* ANSIPlugin.swift */ = {isa = PBXFileReference; lastKnownFileType = sourcecode.swift; path = ANSIPlugin.swift; sourceTree = "<group>"; };
		BF54F64C290D6F410093037F /* AboutView.swift */ = {isa = PBXFileReference; lastKnownFileType = sourcecode.swift; path = AboutView.swift; sourceTree = "<group>"; };
		BF551CB629AE7F3D004D1CFE /* ASTCharacter.swift */ = {isa = PBXFileReference; lastKnownFileType = sourcecode.swift; path = ASTCharacter.swift; sourceTree = "<group>"; };
		BF551CB829AE8029004D1CFE /* ASTClass.swift */ = {isa = PBXFileReference; lastKnownFileType = sourcecode.swift; path = ASTClass.swift; sourceTree = "<group>"; };
		BF577EAC291BDF1900E7A897 /* Constants.swift */ = {isa = PBXFileReference; lastKnownFileType = sourcecode.swift; path = Constants.swift; sourceTree = "<group>"; };
		BF6AF3532965C95F00DF333D /* EditorView.swift */ = {isa = PBXFileReference; lastKnownFileType = sourcecode.swift; path = EditorView.swift; sourceTree = "<group>"; };
		BF6AF3552965CD6900DF333D /* EditorDelegate.swift */ = {isa = PBXFileReference; lastKnownFileType = sourcecode.swift; path = EditorDelegate.swift; sourceTree = "<group>"; };
		BF832EC52927FBA000581CDA /* Int2Data.swift */ = {isa = PBXFileReference; lastKnownFileType = sourcecode.swift; path = Int2Data.swift; sourceTree = "<group>"; };
		BF8BDAD229D4B04400763C81 /* ASTFunctionCall.swift */ = {isa = PBXFileReference; lastKnownFileType = sourcecode.swift; path = ASTFunctionCall.swift; sourceTree = "<group>"; };
		BF8BDAD429D4B26F00763C81 /* ASTInteger.swift */ = {isa = PBXFileReference; lastKnownFileType = sourcecode.swift; path = ASTInteger.swift; sourceTree = "<group>"; };
		BF916176294E2C8600C8B967 /* Protocols.swift */ = {isa = PBXFileReference; lastKnownFileType = sourcecode.swift; path = Protocols.swift; sourceTree = "<group>"; };
		BF916178294E306700C8B967 /* ProtocolPlugin.swift */ = {isa = PBXFileReference; lastKnownFileType = sourcecode.swift; path = ProtocolPlugin.swift; sourceTree = "<group>"; };
		BF91617A294E32EF00C8B967 /* ConnectionSender.swift */ = {isa = PBXFileReference; lastKnownFileType = sourcecode.swift; path = ConnectionSender.swift; sourceTree = "<group>"; };
		BF91617C294E400E00C8B967 /* SPPPlugin.swift */ = {isa = PBXFileReference; lastKnownFileType = sourcecode.swift; path = SPPPlugin.swift; sourceTree = "<group>"; };
		BF92224A29E5D6EC001085B9 /* ASTModifier.swift */ = {isa = PBXFileReference; lastKnownFileType = sourcecode.swift; path = ASTModifier.swift; sourceTree = "<group>"; };
		BF94661429294DB00005B2EA /* NSTextViewBridge.swift */ = {isa = PBXFileReference; lastKnownFileType = sourcecode.swift; path = NSTextViewBridge.swift; sourceTree = "<group>"; };
		BF9B7B952932810F00AACF0F /* SPStyle.swift */ = {isa = PBXFileReference; lastKnownFileType = sourcecode.swift; path = SPStyle.swift; sourceTree = "<group>"; };
		BFA5CF31290D7DC500010BD6 /* ConnectionDelegate.swift */ = {isa = PBXFileReference; lastKnownFileType = sourcecode.swift; path = ConnectionDelegate.swift; sourceTree = "<group>"; };
		BFA5CF33290D7E4300010BD6 /* Connection.swift */ = {isa = PBXFileReference; lastKnownFileType = sourcecode.swift; path = Connection.swift; sourceTree = "<group>"; };
		BFA5CF37290D7EDF00010BD6 /* ConnectionView.swift */ = {isa = PBXFileReference; lastKnownFileType = sourcecode.swift; path = ConnectionView.swift; sourceTree = "<group>"; };
		BFA5CF39290D866400010BD6 /* ConnectionPromptView.swift */ = {isa = PBXFileReference; lastKnownFileType = sourcecode.swift; path = ConnectionPromptView.swift; sourceTree = "<group>"; };
		BFAB9037292E99A400854C71 /* TextViewBridgeDelegate.swift */ = {isa = PBXFileReference; lastKnownFileType = sourcecode.swift; path = TextViewBridgeDelegate.swift; sourceTree = "<group>"; };
		BFB6CE2229D48B8F004A49F2 /* ASTFor.swift */ = {isa = PBXFileReference; lastKnownFileType = sourcecode.swift; path = ASTFor.swift; sourceTree = "<group>"; };
		BFB6CE2629D48ED6004A49F2 /* ASTForEach.swift */ = {isa = PBXFileReference; lastKnownFileType = sourcecode.swift; path = ASTForEach.swift; sourceTree = "<group>"; };
		BFB6CE2829D490E6004A49F2 /* ASTThis.swift */ = {isa = PBXFileReference; lastKnownFileType = sourcecode.swift; path = ASTThis.swift; sourceTree = "<group>"; };
		BFB6CE2A29D49177004A49F2 /* ASTNil.swift */ = {isa = PBXFileReference; lastKnownFileType = sourcecode.swift; path = ASTNil.swift; sourceTree = "<group>"; };
		BFC2AE88296D6AF600592450 /* SPTheme.swift */ = {isa = PBXFileReference; lastKnownFileType = sourcecode.swift; path = SPTheme.swift; sourceTree = "<group>"; };
		BFC2AE8A296D6B0200592450 /* DefaultTheme.swift */ = {isa = PBXFileReference; lastKnownFileType = sourcecode.swift; path = DefaultTheme.swift; sourceTree = "<group>"; };
		BFC6891529BD0F32001E51C1 /* ASTCombination.swift */ = {isa = PBXFileReference; lastKnownFileType = sourcecode.swift; path = ASTCombination.swift; sourceTree = "<group>"; };
		BFC6891729BD10E5001E51C1 /* ASTContinue.swift */ = {isa = PBXFileReference; lastKnownFileType = sourcecode.swift; path = ASTContinue.swift; sourceTree = "<group>"; };
		BFC6891929BD1177001E51C1 /* ASTDefault.swift */ = {isa = PBXFileReference; lastKnownFileType = sourcecode.swift; path = ASTDefault.swift; sourceTree = "<group>"; };
		BFC6891B29BD11E5001E51C1 /* ASTEllipsis.swift */ = {isa = PBXFileReference; lastKnownFileType = sourcecode.swift; path = ASTEllipsis.swift; sourceTree = "<group>"; };
		BFC6891D29BD1258001E51C1 /* ASTEmpty.swift */ = {isa = PBXFileReference; lastKnownFileType = sourcecode.swift; path = ASTEmpty.swift; sourceTree = "<group>"; };
		BFCF15A12916C34C00A37F5D /* ConnectionPromptDelegate.swift */ = {isa = PBXFileReference; lastKnownFileType = sourcecode.swift; path = ConnectionPromptDelegate.swift; sourceTree = "<group>"; };
		BFD9049C29252289006B728B /* ConnectionError.swift */ = {isa = PBXFileReference; lastKnownFileType = sourcecode.swift; path = ConnectionError.swift; sourceTree = "<group>"; };
		BFD9B0CB2923CFF500E59D00 /* ConnectionRecord.swift */ = {isa = PBXFileReference; lastKnownFileType = sourcecode.swift; path = ConnectionRecord.swift; sourceTree = "<group>"; };
		BFD9B0CE2923DE7500E59D00 /* ConnectionListener.swift */ = {isa = PBXFileReference; lastKnownFileType = sourcecode.swift; path = ConnectionListener.swift; sourceTree = "<group>"; };
		BFD9B0D22923F58900E59D00 /* DialogDelegate.swift */ = {isa = PBXFileReference; lastKnownFileType = sourcecode.swift; path = DialogDelegate.swift; sourceTree = "<group>"; };
		BFD9B0D42923F59700E59D00 /* DialogView.swift */ = {isa = PBXFileReference; lastKnownFileType = sourcecode.swift; path = DialogView.swift; sourceTree = "<group>"; };
		BFD9B0D62923FBE800E59D00 /* Dialog.swift */ = {isa = PBXFileReference; lastKnownFileType = sourcecode.swift; path = Dialog.swift; sourceTree = "<group>"; };
		BFDC6CC829D8C02600884DF0 /* ASTFunctionDefinition.swift */ = {isa = PBXFileReference; lastKnownFileType = sourcecode.swift; name = ASTFunctionDefinition.swift; path = src/core/parser/ast/ASTFunctionDefinition.swift; sourceTree = SOURCE_ROOT; };
		BFDCA77629AD1C5D005B8AA9 /* ASTArray.swift */ = {isa = PBXFileReference; lastKnownFileType = sourcecode.swift; path = ASTArray.swift; sourceTree = "<group>"; };
		BFDCA77829AD226F005B8AA9 /* ASTBlock.swift */ = {isa = PBXFileReference; lastKnownFileType = sourcecode.swift; path = ASTBlock.swift; sourceTree = "<group>"; };
		BFDCA77A29AD2569005B8AA9 /* ASTBool.swift */ = {isa = PBXFileReference; lastKnownFileType = sourcecode.swift; path = ASTBool.swift; sourceTree = "<group>"; };
		BFDCA77C29AD2634005B8AA9 /* ASTBreak.swift */ = {isa = PBXFileReference; lastKnownFileType = sourcecode.swift; path = ASTBreak.swift; sourceTree = "<group>"; };
		BFDCA77E29AD26C9005B8AA9 /* ASTCase.swift */ = {isa = PBXFileReference; lastKnownFileType = sourcecode.swift; path = ASTCase.swift; sourceTree = "<group>"; };
		BFDCA78029AD2A4A005B8AA9 /* ASTCast.swift */ = {isa = PBXFileReference; lastKnownFileType = sourcecode.swift; path = ASTCast.swift; sourceTree = "<group>"; };
		BFDDA0DE28119FEC00C3E84A /* SecretPathway.app */ = {isa = PBXFileReference; explicitFileType = wrapper.application; includeInIndex = 0; path = SecretPathway.app; sourceTree = BUILT_PRODUCTS_DIR; };
		BFDDA0E128119FEC00C3E84A /* AppDelegate.swift */ = {isa = PBXFileReference; lastKnownFileType = sourcecode.swift; path = AppDelegate.swift; sourceTree = "<group>"; };
		BFDDA0E528119FEE00C3E84A /* Assets.xcassets */ = {isa = PBXFileReference; lastKnownFileType = folder.assetcatalog; path = Assets.xcassets; sourceTree = "<group>"; };
		BFDDA0E828119FEE00C3E84A /* Preview Assets.xcassets */ = {isa = PBXFileReference; lastKnownFileType = folder.assetcatalog; path = "Preview Assets.xcassets"; sourceTree = "<group>"; };
		BFDDA0EB28119FEE00C3E84A /* Base */ = {isa = PBXFileReference; lastKnownFileType = file.storyboard; name = Base; path = Base.lproj/Main.storyboard; sourceTree = "<group>"; };
		BFDDA0ED28119FEE00C3E84A /* Info.plist */ = {isa = PBXFileReference; lastKnownFileType = text.plist.xml; path = Info.plist; sourceTree = "<group>"; };
		BFDDA0EE28119FEE00C3E84A /* SecretPathway_macOS.entitlements */ = {isa = PBXFileReference; lastKnownFileType = text.plist.entitlements; path = SecretPathway_macOS.entitlements; sourceTree = "<group>"; };
		BFE06F23296DA5B9004A3C1F /* JSONTheme.swift */ = {isa = PBXFileReference; lastKnownFileType = sourcecode.swift; path = JSONTheme.swift; sourceTree = "<group>"; };
		BFE06F25296DAA24004A3C1F /* JSONStyle.swift */ = {isa = PBXFileReference; lastKnownFileType = sourcecode.swift; path = JSONStyle.swift; sourceTree = "<group>"; };
		BFE06F27296DAC88004A3C1F /* JSONColor.swift */ = {isa = PBXFileReference; lastKnownFileType = sourcecode.swift; path = JSONColor.swift; sourceTree = "<group>"; };
		BFE2926329DB2B8A00185467 /* ASTVariableDefinition.swift */ = {isa = PBXFileReference; lastKnownFileType = sourcecode.swift; path = ASTVariableDefinition.swift; sourceTree = "<group>"; };
		BFE2926529DB31AA00185467 /* ASTOperation.swift */ = {isa = PBXFileReference; lastKnownFileType = sourcecode.swift; path = ASTOperation.swift; sourceTree = "<group>"; };
		BFE2926729DB3B4C00185467 /* ASTName.swift */ = {isa = PBXFileReference; lastKnownFileType = sourcecode.swift; path = ASTName.swift; sourceTree = "<group>"; };
		BFE2926929DB3CF800185467 /* ASTOperatorName.swift */ = {isa = PBXFileReference; lastKnownFileType = sourcecode.swift; path = ASTOperatorName.swift; sourceTree = "<group>"; };
		BFE2926B29DB434D00185467 /* ASTString.swift */ = {isa = PBXFileReference; lastKnownFileType = sourcecode.swift; path = ASTString.swift; sourceTree = "<group>"; };
		BFE2926D29DB442500185467 /* ASTStrings.swift */ = {isa = PBXFileReference; lastKnownFileType = sourcecode.swift; path = ASTStrings.swift; sourceTree = "<group>"; };
		BFE2DB7D29A7E466003E2BFF /* ASTVisitor.swift */ = {isa = PBXFileReference; lastKnownFileType = sourcecode.swift; path = ASTVisitor.swift; sourceTree = "<group>"; };
		BFE2DB7F29A7EE5C003E2BFF /* ASTWrong.swift */ = {isa = PBXFileReference; lastKnownFileType = sourcecode.swift; path = ASTWrong.swift; sourceTree = "<group>"; };
		BFE2DB8129A7EE69003E2BFF /* ASTMissing.swift */ = {isa = PBXFileReference; lastKnownFileType = sourcecode.swift; path = ASTMissing.swift; sourceTree = "<group>"; };
		BFEA07B629043DB500294822 /* SettingsView.swift */ = {isa = PBXFileReference; lastKnownFileType = sourcecode.swift; path = SettingsView.swift; sourceTree = "<group>"; };
		BFEA07B829043DCC00294822 /* SettingsDelegate.swift */ = {isa = PBXFileReference; lastKnownFileType = sourcecode.swift; path = SettingsDelegate.swift; sourceTree = "<group>"; };
		BFEA71B929A654DE004832AF /* Parser.swift */ = {isa = PBXFileReference; lastKnownFileType = sourcecode.swift; path = Parser.swift; sourceTree = "<group>"; };
		BFEC182A28BD00DB00894639 /* LICENSE */ = {isa = PBXFileReference; fileEncoding = 4; lastKnownFileType = text; path = LICENSE; sourceTree = "<group>"; };
		BFEC182B28BD00DB00894639 /* README.md */ = {isa = PBXFileReference; fileEncoding = 4; lastKnownFileType = net.daringfireball.markdown; path = README.md; sourceTree = "<group>"; };
		BFFD268729A69663002998E8 /* ASTExpression.swift */ = {isa = PBXFileReference; lastKnownFileType = sourcecode.swift; path = ASTExpression.swift; sourceTree = "<group>"; };
		BFFD268929A69759002998E8 /* ASTType.swift */ = {isa = PBXFileReference; lastKnownFileType = sourcecode.swift; path = ASTType.swift; sourceTree = "<group>"; };
		BFFD268B29A69C18002998E8 /* ASTInclude.swift */ = {isa = PBXFileReference; lastKnownFileType = sourcecode.swift; path = ASTInclude.swift; sourceTree = "<group>"; };
		BFFD268D29A69C29002998E8 /* ASTInheritance.swift */ = {isa = PBXFileReference; lastKnownFileType = sourcecode.swift; path = ASTInheritance.swift; sourceTree = "<group>"; };
/* End PBXFileReference section */

/* Begin PBXFrameworksBuildPhase section */
		BFDDA0DB28119FEC00C3E84A /* Frameworks */ = {
			isa = PBXFrameworksBuildPhase;
			buildActionMask = 2147483647;
			files = (
			);
			runOnlyForDeploymentPostprocessing = 0;
		};
/* End PBXFrameworksBuildPhase section */

/* Begin PBXGroup section */
		BF2285F1294CBA6B0079EC8D /* protocols */ = {
			isa = PBXGroup;
			children = (
				BF3572622964A1F5002661B5 /* ansi */,
				BF2285F4294CC05A0079EC8D /* telnet */,
				BF94B2E2294240410030F487 /* spp */,
				BF916176294E2C8600C8B967 /* Protocols.swift */,
				BF916178294E306700C8B967 /* ProtocolPlugin.swift */,
			);
			path = protocols;
			sourceTree = "<group>";
		};
		BF2285F4294CC05A0079EC8D /* telnet */ = {
			isa = PBXGroup;
			children = (
				BF2285F5294CC0680079EC8D /* TelnetPlugin.swift */,
			);
			path = telnet;
			sourceTree = "<group>";
		};
		BF2DAAD02965DC590063F91C /* parser */ = {
			isa = PBXGroup;
			children = (
				BFFD268629A69647002998E8 /* ast */,
				BF2DAAD12965DC680063F91C /* tokenizer */,
				BFEA71B929A654DE004832AF /* Parser.swift */,
			);
			path = parser;
			sourceTree = "<group>";
		};
		BF2DAAD12965DC680063F91C /* tokenizer */ = {
			isa = PBXGroup;
			children = (
				BF2DAAD22965DC7B0063F91C /* Token.swift */,
				BF2DAAD42965DC870063F91C /* TokenType.swift */,
				BF2DAAD62965DC910063F91C /* Tokenizer.swift */,
			);
			path = tokenizer;
			sourceTree = "<group>";
		};
		BF3572622964A1F5002661B5 /* ansi */ = {
			isa = PBXGroup;
			children = (
				BF3572632964A206002661B5 /* ANSIPlugin.swift */,
			);
			path = ansi;
			sourceTree = "<group>";
		};
		BF6AF3522965C95100DF333D /* editor */ = {
			isa = PBXGroup;
			children = (
				BFE06F29296DC1F9004A3C1F /* theme */,
				BF6AF3532965C95F00DF333D /* EditorView.swift */,
				BF6AF3552965CD6900DF333D /* EditorDelegate.swift */,
			);
			path = editor;
			sourceTree = "<group>";
		};
		BF94661329294D2C0005B2EA /* bridge */ = {
			isa = PBXGroup;
			children = (
				BF94661429294DB00005B2EA /* NSTextViewBridge.swift */,
				BFAB9037292E99A400854C71 /* TextViewBridgeDelegate.swift */,
			);
			path = bridge;
			sourceTree = "<group>";
		};
		BF94B2E2294240410030F487 /* spp */ = {
			isa = PBXGroup;
			children = (
				BF91617C294E400E00C8B967 /* SPPPlugin.swift */,
			);
			path = spp;
			sourceTree = "<group>";
		};
		BFD5AB26291AABA300890CE6 /* gui */ = {
			isa = PBXGroup;
			children = (
				BF6AF3522965C95100DF333D /* editor */,
				BF94661329294D2C0005B2EA /* bridge */,
				BFA5CF39290D866400010BD6 /* ConnectionPromptView.swift */,
				BFA5CF37290D7EDF00010BD6 /* ConnectionView.swift */,
				BF54F64C290D6F410093037F /* AboutView.swift */,
				BFEA07B629043DB500294822 /* SettingsView.swift */,
				BF9B7B952932810F00AACF0F /* SPStyle.swift */,
			);
			path = gui;
			sourceTree = "<group>";
		};
		BFD5AB27291AABF200890CE6 /* delegate */ = {
			isa = PBXGroup;
			children = (
				BFCF15A12916C34C00A37F5D /* ConnectionPromptDelegate.swift */,
				BFDDA0E128119FEC00C3E84A /* AppDelegate.swift */,
				BFA5CF31290D7DC500010BD6 /* ConnectionDelegate.swift */,
				BFEA07B829043DCC00294822 /* SettingsDelegate.swift */,
			);
			path = delegate;
			sourceTree = "<group>";
		};
		BFD5AB28291AAC1500890CE6 /* core */ = {
			isa = PBXGroup;
			children = (
				BF2DAAD02965DC590063F91C /* parser */,
				BF2285F1294CBA6B0079EC8D /* protocols */,
				BFD9B0CD2923DE6000E59D00 /* net */,
				BF11297F2854EBDC00EACD21 /* Settings.swift */,
				BF577EAC291BDF1900E7A897 /* Constants.swift */,
			);
			path = core;
			sourceTree = "<group>";
		};
		BFD9B0CD2923DE6000E59D00 /* net */ = {
			isa = PBXGroup;
			children = (
				BFA5CF33290D7E4300010BD6 /* Connection.swift */,
				BFD9B0CE2923DE7500E59D00 /* ConnectionListener.swift */,
				BFD9049C29252289006B728B /* ConnectionError.swift */,
				BFD9B0CB2923CFF500E59D00 /* ConnectionRecord.swift */,
				BF91617A294E32EF00C8B967 /* ConnectionSender.swift */,
			);
			path = net;
			sourceTree = "<group>";
		};
		BFD9B0D02923F56700E59D00 /* helper */ = {
			isa = PBXGroup;
			children = (
				BFD9B0D12923F57400E59D00 /* dialog */,
				BF832EC52927FBA000581CDA /* Int2Data.swift */,
				BF2DAAD82965DE170063F91C /* StringStream.swift */,
			);
			path = helper;
			sourceTree = "<group>";
		};
		BFD9B0D12923F57400E59D00 /* dialog */ = {
			isa = PBXGroup;
			children = (
				BFD9B0D22923F58900E59D00 /* DialogDelegate.swift */,
				BFD9B0D42923F59700E59D00 /* DialogView.swift */,
				BFD9B0D62923FBE800E59D00 /* Dialog.swift */,
			);
			path = dialog;
			sourceTree = "<group>";
		};
		BFDDA0D528119FEC00C3E84A = {
			isa = PBXGroup;
			children = (
				BFEC182A28BD00DB00894639 /* LICENSE */,
				BFEC182B28BD00DB00894639 /* README.md */,
				BFDDA0E028119FEC00C3E84A /* src */,
				BFDDA0DF28119FEC00C3E84A /* Products */,
			);
			sourceTree = "<group>";
		};
		BFDDA0DF28119FEC00C3E84A /* Products */ = {
			isa = PBXGroup;
			children = (
				BFDDA0DE28119FEC00C3E84A /* SecretPathway.app */,
			);
			name = Products;
			sourceTree = "<group>";
		};
		BFDDA0E028119FEC00C3E84A /* src */ = {
			isa = PBXGroup;
			children = (
				BFD9B0D02923F56700E59D00 /* helper */,
				BFD5AB28291AAC1500890CE6 /* core */,
				BFD5AB27291AABF200890CE6 /* delegate */,
				BFD5AB26291AABA300890CE6 /* gui */,
				BFDDA0E528119FEE00C3E84A /* Assets.xcassets */,
				BFDDA0EA28119FEE00C3E84A /* Main.storyboard */,
				BFDDA0ED28119FEE00C3E84A /* Info.plist */,
				BFDDA0EE28119FEE00C3E84A /* SecretPathway_macOS.entitlements */,
				BFDDA0E728119FEE00C3E84A /* Preview Content */,
			);
			path = src;
			sourceTree = "<group>";
		};
		BFDDA0E728119FEE00C3E84A /* Preview Content */ = {
			isa = PBXGroup;
			children = (
				BFDDA0E828119FEE00C3E84A /* Preview Assets.xcassets */,
			);
			path = "Preview Content";
			sourceTree = "<group>";
		};
		BFE06F29296DC1F9004A3C1F /* theme */ = {
			isa = PBXGroup;
			children = (
				BFE06F27296DAC88004A3C1F /* JSONColor.swift */,
				BFE06F25296DAA24004A3C1F /* JSONStyle.swift */,
				BFE06F23296DA5B9004A3C1F /* JSONTheme.swift */,
				BFC2AE8A296D6B0200592450 /* DefaultTheme.swift */,
				BFC2AE88296D6AF600592450 /* SPTheme.swift */,
			);
			path = theme;
			sourceTree = "<group>";
		};
		BFFD268629A69647002998E8 /* ast */ = {
			isa = PBXGroup;
			children = (
				BFDC6CC829D8C02600884DF0 /* ASTFunctionDefinition.swift */,
				BFFD268729A69663002998E8 /* ASTExpression.swift */,
				BFFD268929A69759002998E8 /* ASTType.swift */,
				BFFD268B29A69C18002998E8 /* ASTInclude.swift */,
				BFFD268D29A69C29002998E8 /* ASTInheritance.swift */,
				BFE2926B29DB434D00185467 /* ASTString.swift */,
				BFE2926D29DB442500185467 /* ASTStrings.swift */,
				BFE2DB7D29A7E466003E2BFF /* ASTVisitor.swift */,
				BFE2DB7F29A7EE5C003E2BFF /* ASTWrong.swift */,
				BFE2DB8129A7EE69003E2BFF /* ASTMissing.swift */,
				BFDCA77629AD1C5D005B8AA9 /* ASTArray.swift */,
				BFB6CE2229D48B8F004A49F2 /* ASTFor.swift */,
				BFB6CE2629D48ED6004A49F2 /* ASTForEach.swift */,
				BFB6CE2829D490E6004A49F2 /* ASTThis.swift */,
				BFB6CE2A29D49177004A49F2 /* ASTNil.swift */,
				BF8BDAD229D4B04400763C81 /* ASTFunctionCall.swift */,
				BF8BDAD429D4B26F00763C81 /* ASTInteger.swift */,
				BFDCA77829AD226F005B8AA9 /* ASTBlock.swift */,
				BFDCA77A29AD2569005B8AA9 /* ASTBool.swift */,
				BFDCA77C29AD2634005B8AA9 /* ASTBreak.swift */,
				BFDCA77E29AD26C9005B8AA9 /* ASTCase.swift */,
				BFDCA78029AD2A4A005B8AA9 /* ASTCast.swift */,
				BF551CB629AE7F3D004D1CFE /* ASTCharacter.swift */,
				BF551CB829AE8029004D1CFE /* ASTClass.swift */,
				BFC6891529BD0F32001E51C1 /* ASTCombination.swift */,
				BFC6891729BD10E5001E51C1 /* ASTContinue.swift */,
				BFC6891929BD1177001E51C1 /* ASTDefault.swift */,
				BFC6891B29BD11E5001E51C1 /* ASTEllipsis.swift */,
				BFC6891D29BD1258001E51C1 /* ASTEmpty.swift */,
				BFE2926329DB2B8A00185467 /* ASTVariableDefinition.swift */,
				BFE2926529DB31AA00185467 /* ASTOperation.swift */,
				BFE2926729DB3B4C00185467 /* ASTName.swift */,
				BFE2926929DB3CF800185467 /* ASTOperatorName.swift */,
				BF92224A29E5D6EC001085B9 /* ASTModifier.swift */,
			);
			path = ast;
			sourceTree = "<group>";
		};
/* End PBXGroup section */

/* Begin PBXNativeTarget section */
		BFDDA0DD28119FEC00C3E84A /* SecretPathway */ = {
			isa = PBXNativeTarget;
			buildConfigurationList = BFDDA0F128119FEE00C3E84A /* Build configuration list for PBXNativeTarget "SecretPathway" */;
			buildPhases = (
				BFDDA0DA28119FEC00C3E84A /* Sources */,
				BFDDA0DB28119FEC00C3E84A /* Frameworks */,
				BFDDA0DC28119FEC00C3E84A /* Resources */,
			);
			buildRules = (
			);
			dependencies = (
			);
			name = SecretPathway;
			productName = four_Mac_Client;
			productReference = BFDDA0DE28119FEC00C3E84A /* SecretPathway.app */;
			productType = "com.apple.product-type.application";
		};
/* End PBXNativeTarget section */

/* Begin PBXProject section */
		BFDDA0D628119FEC00C3E84A /* Project object */ = {
			isa = PBXProject;
			attributes = {
				LastSwiftUpdateCheck = 1230;
				LastUpgradeCheck = 1400;
				TargetAttributes = {
					BFDDA0DD28119FEC00C3E84A = {
						CreatedOnToolsVersion = 12.3;
					};
				};
			};
			buildConfigurationList = BFDDA0D928119FEC00C3E84A /* Build configuration list for PBXProject "SecretPathway_macOS" */;
			compatibilityVersion = "Xcode 9.3";
			developmentRegion = en;
			hasScannedForEncodings = 0;
			knownRegions = (
				en,
				Base,
			);
			mainGroup = BFDDA0D528119FEC00C3E84A;
			productRefGroup = BFDDA0DF28119FEC00C3E84A /* Products */;
			projectDirPath = "";
			projectRoot = "";
			targets = (
				BFDDA0DD28119FEC00C3E84A /* SecretPathway */,
			);
		};
/* End PBXProject section */

/* Begin PBXResourcesBuildPhase section */
		BFDDA0DC28119FEC00C3E84A /* Resources */ = {
			isa = PBXResourcesBuildPhase;
			buildActionMask = 2147483647;
			files = (
				BFDDA0EC28119FEE00C3E84A /* Main.storyboard in Resources */,
				BFDDA0E928119FEE00C3E84A /* Preview Assets.xcassets in Resources */,
				BFEC182D28BD00DB00894639 /* README.md in Resources */,
				BFEC182C28BD00DB00894639 /* LICENSE in Resources */,
				BFDDA0E628119FEE00C3E84A /* Assets.xcassets in Resources */,
			);
			runOnlyForDeploymentPostprocessing = 0;
		};
/* End PBXResourcesBuildPhase section */

/* Begin PBXSourcesBuildPhase section */
		BFDDA0DA28119FEC00C3E84A /* Sources */ = {
			isa = PBXSourcesBuildPhase;
			buildActionMask = 2147483647;
			files = (
				BFC2AE8B296D6B0200592450 /* DefaultTheme.swift in Sources */,
				BF832EC62927FBA000581CDA /* Int2Data.swift in Sources */,
				BFDCA77D29AD2634005B8AA9 /* ASTBreak.swift in Sources */,
				BFD9B0D32923F58900E59D00 /* DialogDelegate.swift in Sources */,
				BFB6CE2729D48ED6004A49F2 /* ASTForEach.swift in Sources */,
				BF2DAAD92965DE170063F91C /* StringStream.swift in Sources */,
				BFE2926629DB31AA00185467 /* ASTOperation.swift in Sources */,
				BF2285F6294CC0680079EC8D /* TelnetPlugin.swift in Sources */,
				BFC2AE89296D6AF600592450 /* SPTheme.swift in Sources */,
				BF92224B29E5D6EC001085B9 /* ASTModifier.swift in Sources */,
				BFFD268829A69663002998E8 /* ASTExpression.swift in Sources */,
				BFEA07B729043DB500294822 /* SettingsView.swift in Sources */,
				BFE2926829DB3B4C00185467 /* ASTName.swift in Sources */,
				BFC6891829BD10E5001E51C1 /* ASTContinue.swift in Sources */,
				BFE2926E29DB442500185467 /* ASTStrings.swift in Sources */,
				BFE06F24296DA5B9004A3C1F /* JSONTheme.swift in Sources */,
				BFFD268C29A69C18002998E8 /* ASTInclude.swift in Sources */,
				BF3572642964A206002661B5 /* ANSIPlugin.swift in Sources */,
				BF2DAAD72965DC910063F91C /* Tokenizer.swift in Sources */,
				BFB6CE2329D48B8F004A49F2 /* ASTFor.swift in Sources */,
				BFC6891629BD0F32001E51C1 /* ASTCombination.swift in Sources */,
				BFDCA77929AD226F005B8AA9 /* ASTBlock.swift in Sources */,
				BFE2DB8029A7EE5C003E2BFF /* ASTWrong.swift in Sources */,
				BF551CB729AE7F3D004D1CFE /* ASTCharacter.swift in Sources */,
				BFA5CF3A290D866400010BD6 /* ConnectionPromptView.swift in Sources */,
				BFCF15A22916C34C00A37F5D /* ConnectionPromptDelegate.swift in Sources */,
				BFFD268A29A69759002998E8 /* ASTType.swift in Sources */,
				BFE2926A29DB3CF800185467 /* ASTOperatorName.swift in Sources */,
				BF94661529294DB00005B2EA /* NSTextViewBridge.swift in Sources */,
				BFDCA78129AD2A4A005B8AA9 /* ASTCast.swift in Sources */,
				BFE2926C29DB434D00185467 /* ASTString.swift in Sources */,
				BF9B7B962932810F00AACF0F /* SPStyle.swift in Sources */,
				BF8BDAD529D4B26F00763C81 /* ASTInteger.swift in Sources */,
				BF8BDAD329D4B04400763C81 /* ASTFunctionCall.swift in Sources */,
				BF91617D294E400E00C8B967 /* SPPPlugin.swift in Sources */,
				BFDCA77F29AD26C9005B8AA9 /* ASTCase.swift in Sources */,
				BFD9B0CF2923DE7500E59D00 /* ConnectionListener.swift in Sources */,
				BFA5CF34290D7E4300010BD6 /* Connection.swift in Sources */,
				BFEA71BA29A654DE004832AF /* Parser.swift in Sources */,
				BF54F64D290D6F410093037F /* AboutView.swift in Sources */,
				BF6AF3562965CD6900DF333D /* EditorDelegate.swift in Sources */,
				BFC6891E29BD1258001E51C1 /* ASTEmpty.swift in Sources */,
				BFD9B0D72923FBE800E59D00 /* Dialog.swift in Sources */,
				BFB6CE2B29D49177004A49F2 /* ASTNil.swift in Sources */,
				BFD9B0D52923F59700E59D00 /* DialogView.swift in Sources */,
				BFAB9038292E99A400854C71 /* TextViewBridgeDelegate.swift in Sources */,
				BF916177294E2C8600C8B967 /* Protocols.swift in Sources */,
				BFC6891C29BD11E5001E51C1 /* ASTEllipsis.swift in Sources */,
				BF6AF3542965C95F00DF333D /* EditorView.swift in Sources */,
				BFEA07B929043DCC00294822 /* SettingsDelegate.swift in Sources */,
				BF1129802854EBDC00EACD21 /* Settings.swift in Sources */,
				BF2DAAD32965DC7B0063F91C /* Token.swift in Sources */,
				BF91617B294E32EF00C8B967 /* ConnectionSender.swift in Sources */,
				BFA5CF38290D7EDF00010BD6 /* ConnectionView.swift in Sources */,
				BFA5CF32290D7DC500010BD6 /* ConnectionDelegate.swift in Sources */,
				BFDCA77729AD1C5D005B8AA9 /* ASTArray.swift in Sources */,
				BFE2DB8229A7EE69003E2BFF /* ASTMissing.swift in Sources */,
				BFDCA77B29AD2569005B8AA9 /* ASTBool.swift in Sources */,
				BFE06F26296DAA24004A3C1F /* JSONStyle.swift in Sources */,
				BFE2DB7E29A7E466003E2BFF /* ASTVisitor.swift in Sources */,
				BFC6891A29BD1177001E51C1 /* ASTDefault.swift in Sources */,
				BF916179294E306700C8B967 /* ProtocolPlugin.swift in Sources */,
				BF2DAAD52965DC870063F91C /* TokenType.swift in Sources */,
				BFE2926429DB2B8A00185467 /* ASTVariableDefinition.swift in Sources */,
				BFD9049D29252289006B728B /* ConnectionError.swift in Sources */,
				BFD9B0CC2923CFF500E59D00 /* ConnectionRecord.swift in Sources */,
				BFE06F28296DAC88004A3C1F /* JSONColor.swift in Sources */,
				BFDDA0E228119FEC00C3E84A /* AppDelegate.swift in Sources */,
				BFB6CE2929D490E6004A49F2 /* ASTThis.swift in Sources */,
				BF577EAD291BDF1900E7A897 /* Constants.swift in Sources */,
				BFDC6CC929D8C02600884DF0 /* ASTFunctionDefinition.swift in Sources */,
				BFFD268E29A69C29002998E8 /* ASTInheritance.swift in Sources */,
				BF551CB929AE8029004D1CFE /* ASTClass.swift in Sources */,
			);
			runOnlyForDeploymentPostprocessing = 0;
		};
/* End PBXSourcesBuildPhase section */

/* Begin PBXVariantGroup section */
		BFDDA0EA28119FEE00C3E84A /* Main.storyboard */ = {
			isa = PBXVariantGroup;
			children = (
				BFDDA0EB28119FEE00C3E84A /* Base */,
			);
			name = Main.storyboard;
			sourceTree = "<group>";
		};
/* End PBXVariantGroup section */

/* Begin XCBuildConfiguration section */
		BFDDA0EF28119FEE00C3E84A /* Debug */ = {
			isa = XCBuildConfiguration;
			buildSettings = {
				ALWAYS_SEARCH_USER_PATHS = NO;
				CLANG_ANALYZER_NONNULL = YES;
				CLANG_ANALYZER_NUMBER_OBJECT_CONVERSION = YES_AGGRESSIVE;
				CLANG_CXX_LANGUAGE_STANDARD = "gnu++14";
				CLANG_CXX_LIBRARY = "libc++";
				CLANG_ENABLE_MODULES = YES;
				CLANG_ENABLE_OBJC_ARC = YES;
				CLANG_ENABLE_OBJC_WEAK = YES;
				CLANG_WARN_BLOCK_CAPTURE_AUTORELEASING = YES;
				CLANG_WARN_BOOL_CONVERSION = YES;
				CLANG_WARN_COMMA = YES;
				CLANG_WARN_CONSTANT_CONVERSION = YES;
				CLANG_WARN_DEPRECATED_OBJC_IMPLEMENTATIONS = YES;
				CLANG_WARN_DIRECT_OBJC_ISA_USAGE = YES_ERROR;
				CLANG_WARN_DOCUMENTATION_COMMENTS = YES;
				CLANG_WARN_EMPTY_BODY = YES;
				CLANG_WARN_ENUM_CONVERSION = YES;
				CLANG_WARN_INFINITE_RECURSION = YES;
				CLANG_WARN_INT_CONVERSION = YES;
				CLANG_WARN_NON_LITERAL_NULL_CONVERSION = YES;
				CLANG_WARN_OBJC_IMPLICIT_RETAIN_SELF = YES;
				CLANG_WARN_OBJC_LITERAL_CONVERSION = YES;
				CLANG_WARN_OBJC_ROOT_CLASS = YES_ERROR;
				CLANG_WARN_QUOTED_INCLUDE_IN_FRAMEWORK_HEADER = YES;
				CLANG_WARN_RANGE_LOOP_ANALYSIS = YES;
				CLANG_WARN_STRICT_PROTOTYPES = YES;
				CLANG_WARN_SUSPICIOUS_MOVE = YES;
				CLANG_WARN_UNGUARDED_AVAILABILITY = YES_AGGRESSIVE;
				CLANG_WARN_UNREACHABLE_CODE = YES;
				CLANG_WARN__DUPLICATE_METHOD_MATCH = YES;
				COPY_PHASE_STRIP = NO;
				DEAD_CODE_STRIPPING = YES;
				DEBUG_INFORMATION_FORMAT = dwarf;
				ENABLE_STRICT_OBJC_MSGSEND = YES;
				ENABLE_TESTABILITY = YES;
				GCC_C_LANGUAGE_STANDARD = gnu11;
				GCC_DYNAMIC_NO_PIC = NO;
				GCC_NO_COMMON_BLOCKS = YES;
				GCC_OPTIMIZATION_LEVEL = 0;
				GCC_PREPROCESSOR_DEFINITIONS = (
					"DEBUG=1",
					"$(inherited)",
				);
				GCC_WARN_64_TO_32_BIT_CONVERSION = YES;
				GCC_WARN_ABOUT_RETURN_TYPE = YES_ERROR;
				GCC_WARN_UNDECLARED_SELECTOR = YES;
				GCC_WARN_UNINITIALIZED_AUTOS = YES_AGGRESSIVE;
				GCC_WARN_UNUSED_FUNCTION = YES;
				GCC_WARN_UNUSED_VARIABLE = YES;
				MACOSX_DEPLOYMENT_TARGET = 11.0;
				MTL_ENABLE_DEBUG_INFO = INCLUDE_SOURCE;
				MTL_FAST_MATH = YES;
				ONLY_ACTIVE_ARCH = YES;
				SDKROOT = macosx;
				SWIFT_ACTIVE_COMPILATION_CONDITIONS = DEBUG;
				SWIFT_OPTIMIZATION_LEVEL = "-Onone";
			};
			name = Debug;
		};
		BFDDA0F028119FEE00C3E84A /* Release */ = {
			isa = XCBuildConfiguration;
			buildSettings = {
				ALWAYS_SEARCH_USER_PATHS = NO;
				CLANG_ANALYZER_NONNULL = YES;
				CLANG_ANALYZER_NUMBER_OBJECT_CONVERSION = YES_AGGRESSIVE;
				CLANG_CXX_LANGUAGE_STANDARD = "gnu++14";
				CLANG_CXX_LIBRARY = "libc++";
				CLANG_ENABLE_MODULES = YES;
				CLANG_ENABLE_OBJC_ARC = YES;
				CLANG_ENABLE_OBJC_WEAK = YES;
				CLANG_WARN_BLOCK_CAPTURE_AUTORELEASING = YES;
				CLANG_WARN_BOOL_CONVERSION = YES;
				CLANG_WARN_COMMA = YES;
				CLANG_WARN_CONSTANT_CONVERSION = YES;
				CLANG_WARN_DEPRECATED_OBJC_IMPLEMENTATIONS = YES;
				CLANG_WARN_DIRECT_OBJC_ISA_USAGE = YES_ERROR;
				CLANG_WARN_DOCUMENTATION_COMMENTS = YES;
				CLANG_WARN_EMPTY_BODY = YES;
				CLANG_WARN_ENUM_CONVERSION = YES;
				CLANG_WARN_INFINITE_RECURSION = YES;
				CLANG_WARN_INT_CONVERSION = YES;
				CLANG_WARN_NON_LITERAL_NULL_CONVERSION = YES;
				CLANG_WARN_OBJC_IMPLICIT_RETAIN_SELF = YES;
				CLANG_WARN_OBJC_LITERAL_CONVERSION = YES;
				CLANG_WARN_OBJC_ROOT_CLASS = YES_ERROR;
				CLANG_WARN_QUOTED_INCLUDE_IN_FRAMEWORK_HEADER = YES;
				CLANG_WARN_RANGE_LOOP_ANALYSIS = YES;
				CLANG_WARN_STRICT_PROTOTYPES = YES;
				CLANG_WARN_SUSPICIOUS_MOVE = YES;
				CLANG_WARN_UNGUARDED_AVAILABILITY = YES_AGGRESSIVE;
				CLANG_WARN_UNREACHABLE_CODE = YES;
				CLANG_WARN__DUPLICATE_METHOD_MATCH = YES;
				COPY_PHASE_STRIP = NO;
				DEAD_CODE_STRIPPING = YES;
				DEBUG_INFORMATION_FORMAT = "dwarf-with-dsym";
				ENABLE_NS_ASSERTIONS = NO;
				ENABLE_STRICT_OBJC_MSGSEND = YES;
				GCC_C_LANGUAGE_STANDARD = gnu11;
				GCC_NO_COMMON_BLOCKS = YES;
				GCC_WARN_64_TO_32_BIT_CONVERSION = YES;
				GCC_WARN_ABOUT_RETURN_TYPE = YES_ERROR;
				GCC_WARN_UNDECLARED_SELECTOR = YES;
				GCC_WARN_UNINITIALIZED_AUTOS = YES_AGGRESSIVE;
				GCC_WARN_UNUSED_FUNCTION = YES;
				GCC_WARN_UNUSED_VARIABLE = YES;
				MACOSX_DEPLOYMENT_TARGET = 11.0;
				MTL_ENABLE_DEBUG_INFO = NO;
				MTL_FAST_MATH = YES;
				SDKROOT = macosx;
				SWIFT_COMPILATION_MODE = wholemodule;
				SWIFT_OPTIMIZATION_LEVEL = "-O";
			};
			name = Release;
		};
		BFDDA0F228119FEE00C3E84A /* Debug */ = {
			isa = XCBuildConfiguration;
			buildSettings = {
				ASSETCATALOG_COMPILER_APPICON_NAME = AppIcon;
				ASSETCATALOG_COMPILER_GLOBAL_ACCENT_COLOR_NAME = AccentColor;
				CODE_SIGN_ENTITLEMENTS = src/SecretPathWay_macOS.entitlements;
				CODE_SIGN_STYLE = Automatic;
				COMBINE_HIDPI_IMAGES = YES;
				DEAD_CODE_STRIPPING = YES;
				DEVELOPMENT_ASSET_PATHS = "\"src/Preview Content\"";
				ENABLE_PREVIEWS = YES;
				INFOPLIST_FILE = src/Info.plist;
				INFOPLIST_KEY_CFBundleDisplayName = SecretPathway;
				LD_RUNPATH_SEARCH_PATHS = (
					"$(inherited)",
					"@executable_path/../Frameworks",
				);
				MACOSX_DEPLOYMENT_TARGET = 11.0;
				PRODUCT_BUNDLE_IDENTIFIER = "de.mhahnFr.SecretPathway-macOS";
				PRODUCT_NAME = "$(TARGET_NAME)";
				SWIFT_VERSION = 5.0;
			};
			name = Debug;
		};
		BFDDA0F328119FEE00C3E84A /* Release */ = {
			isa = XCBuildConfiguration;
			buildSettings = {
				ASSETCATALOG_COMPILER_APPICON_NAME = AppIcon;
				ASSETCATALOG_COMPILER_GLOBAL_ACCENT_COLOR_NAME = AccentColor;
				CODE_SIGN_ENTITLEMENTS = src/SecretPathWay_macOS.entitlements;
				CODE_SIGN_STYLE = Automatic;
				COMBINE_HIDPI_IMAGES = YES;
				DEAD_CODE_STRIPPING = YES;
				DEVELOPMENT_ASSET_PATHS = "\"src/Preview Content\"";
				ENABLE_PREVIEWS = YES;
				INFOPLIST_FILE = src/Info.plist;
				INFOPLIST_KEY_CFBundleDisplayName = SecretPathway;
				LD_RUNPATH_SEARCH_PATHS = (
					"$(inherited)",
					"@executable_path/../Frameworks",
				);
				MACOSX_DEPLOYMENT_TARGET = 11.0;
				PRODUCT_BUNDLE_IDENTIFIER = "de.mhahnFr.SecretPathway-macOS";
				PRODUCT_NAME = "$(TARGET_NAME)";
				SWIFT_VERSION = 5.0;
			};
			name = Release;
		};
/* End XCBuildConfiguration section */

/* Begin XCConfigurationList section */
		BFDDA0D928119FEC00C3E84A /* Build configuration list for PBXProject "SecretPathway_macOS" */ = {
			isa = XCConfigurationList;
			buildConfigurations = (
				BFDDA0EF28119FEE00C3E84A /* Debug */,
				BFDDA0F028119FEE00C3E84A /* Release */,
			);
			defaultConfigurationIsVisible = 0;
			defaultConfigurationName = Release;
		};
		BFDDA0F128119FEE00C3E84A /* Build configuration list for PBXNativeTarget "SecretPathway" */ = {
			isa = XCConfigurationList;
			buildConfigurations = (
				BFDDA0F228119FEE00C3E84A /* Debug */,
				BFDDA0F328119FEE00C3E84A /* Release */,
			);
			defaultConfigurationIsVisible = 0;
			defaultConfigurationName = Release;
		};
/* End XCConfigurationList section */
	};
	rootObject = BFDDA0D628119FEC00C3E84A /* Project object */;
}
